// !$*UTF8*$!
{
	archiveVersion = 1;
	classes = {
	};
	objectVersion = 56;
	objects = {

/* Begin PBXBuildFile section */
		6D1DB23E29B613A700A7669C /* GitStudyApp.swift in Sources */ = {isa = PBXBuildFile; fileRef = 6D1DB23D29B613A700A7669C /* GitStudyApp.swift */; };
		6D1DB24029B613A700A7669C /* ContentView.swift in Sources */ = {isa = PBXBuildFile; fileRef = 6D1DB23F29B613A700A7669C /* ContentView.swift */; };
		6D1DB24229B613A800A7669C /* Assets.xcassets in Resources */ = {isa = PBXBuildFile; fileRef = 6D1DB24129B613A800A7669C /* Assets.xcassets */; };
		6D1DB24629B613A800A7669C /* Preview Assets.xcassets in Resources */ = {isa = PBXBuildFile; fileRef = 6D1DB24529B613A800A7669C /* Preview Assets.xcassets */; };
		6D1DB25029B613A800A7669C /* GitStudyTests.swift in Sources */ = {isa = PBXBuildFile; fileRef = 6D1DB24F29B613A800A7669C /* GitStudyTests.swift */; };
		6D1DB25A29B613A800A7669C /* GitStudyUITests.swift in Sources */ = {isa = PBXBuildFile; fileRef = 6D1DB25929B613A800A7669C /* GitStudyUITests.swift */; };
		6D1DB25C29B613A800A7669C /* GitStudyUITestsLaunchTests.swift in Sources */ = {isa = PBXBuildFile; fileRef = 6D1DB25B29B613A800A7669C /* GitStudyUITestsLaunchTests.swift */; };
/* End PBXBuildFile section */

/* Begin PBXContainerItemProxy section */
		6D1DB24C29B613A800A7669C /* PBXContainerItemProxy */ = {
			isa = PBXContainerItemProxy;
			containerPortal = 6D1DB23229B613A700A7669C /* Project object */;
			proxyType = 1;
			remoteGlobalIDString = 6D1DB23929B613A700A7669C;
			remoteInfo = GitStudy;
		};
		6D1DB25629B613A800A7669C /* PBXContainerItemProxy */ = {
			isa = PBXContainerItemProxy;
			containerPortal = 6D1DB23229B613A700A7669C /* Project object */;
			proxyType = 1;
			remoteGlobalIDString = 6D1DB23929B613A700A7669C;
			remoteInfo = GitStudy;
		};
/* End PBXContainerItemProxy section */

/* Begin PBXFileReference section */
		6D1DB23A29B613A700A7669C /* GitStudy.app */ = {isa = PBXFileReference; explicitFileType = wrapper.application; includeInIndex = 0; path = GitStudy.app; sourceTree = BUILT_PRODUCTS_DIR; };
		6D1DB23D29B613A700A7669C /* GitStudyApp.swift */ = {isa = PBXFileReference; lastKnownFileType = sourcecode.swift; path = GitStudyApp.swift; sourceTree = "<group>"; };
		6D1DB23F29B613A700A7669C /* ContentView.swift */ = {isa = PBXFileReference; lastKnownFileType = sourcecode.swift; path = ContentView.swift; sourceTree = "<group>"; };
		6D1DB24129B613A800A7669C /* Assets.xcassets */ = {isa = PBXFileReference; lastKnownFileType = folder.assetcatalog; path = Assets.xcassets; sourceTree = "<group>"; };
		6D1DB24329B613A800A7669C /* GitStudy.entitlements */ = {isa = PBXFileReference; lastKnownFileType = text.plist.entitlements; path = GitStudy.entitlements; sourceTree = "<group>"; };
		6D1DB24529B613A800A7669C /* Preview Assets.xcassets */ = {isa = PBXFileReference; lastKnownFileType = folder.assetcatalog; path = "Preview Assets.xcassets"; sourceTree = "<group>"; };
		6D1DB24B29B613A800A7669C /* GitStudyTests.xctest */ = {isa = PBXFileReference; explicitFileType = wrapper.cfbundle; includeInIndex = 0; path = GitStudyTests.xctest; sourceTree = BUILT_PRODUCTS_DIR; };
		6D1DB24F29B613A800A7669C /* GitStudyTests.swift */ = {isa = PBXFileReference; lastKnownFileType = sourcecode.swift; path = GitStudyTests.swift; sourceTree = "<group>"; };
		6D1DB25529B613A800A7669C /* GitStudyUITests.xctest */ = {isa = PBXFileReference; explicitFileType = wrapper.cfbundle; includeInIndex = 0; path = GitStudyUITests.xctest; sourceTree = BUILT_PRODUCTS_DIR; };
		6D1DB25929B613A800A7669C /* GitStudyUITests.swift */ = {isa = PBXFileReference; lastKnownFileType = sourcecode.swift; path = GitStudyUITests.swift; sourceTree = "<group>"; };
		6D1DB25B29B613A800A7669C /* GitStudyUITestsLaunchTests.swift */ = {isa = PBXFileReference; lastKnownFileType = sourcecode.swift; path = GitStudyUITestsLaunchTests.swift; sourceTree = "<group>"; };
/* End PBXFileReference section */

/* Begin PBXFrameworksBuildPhase section */
		6D1DB23729B613A700A7669C /* Frameworks */ = {
			isa = PBXFrameworksBuildPhase;
			buildActionMask = 2147483647;
			files = (
			);
			runOnlyForDeploymentPostprocessing = 0;
		};
		6D1DB24829B613A800A7669C /* Frameworks */ = {
			isa = PBXFrameworksBuildPhase;
			buildActionMask = 2147483647;
			files = (
			);
			runOnlyForDeploymentPostprocessing = 0;
		};
		6D1DB25229B613A800A7669C /* Frameworks */ = {
			isa = PBXFrameworksBuildPhase;
			buildActionMask = 2147483647;
			files = (
			);
			runOnlyForDeploymentPostprocessing = 0;
		};
/* End PBXFrameworksBuildPhase section */

/* Begin PBXGroup section */
		6D1DB23129B613A700A7669C = {
			isa = PBXGroup;
			children = (
				6D1DB23C29B613A700A7669C /* GitStudy */,
				6D1DB24E29B613A800A7669C /* GitStudyTests */,
				6D1DB25829B613A800A7669C /* GitStudyUITests */,
				6D1DB23B29B613A700A7669C /* Products */,
			);
			sourceTree = "<group>";
		};
		6D1DB23B29B613A700A7669C /* Products */ = {
			isa = PBXGroup;
			children = (
				6D1DB23A29B613A700A7669C /* GitStudy.app */,
				6D1DB24B29B613A800A7669C /* GitStudyTests.xctest */,
				6D1DB25529B613A800A7669C /* GitStudyUITests.xctest */,
			);
			name = Products;
			sourceTree = "<group>";
		};
		6D1DB23C29B613A700A7669C /* GitStudy */ = {
			isa = PBXGroup;
			children = (
				6D1DB23D29B613A700A7669C /* GitStudyApp.swift */,
				6D1DB23F29B613A700A7669C /* ContentView.swift */,
				6D1DB24129B613A800A7669C /* Assets.xcassets */,
				6D1DB24329B613A800A7669C /* GitStudy.entitlements */,
				6D1DB24429B613A800A7669C /* Preview Content */,
			);
			path = GitStudy;
			sourceTree = "<group>";
		};
		6D1DB24429B613A800A7669C /* Preview Content */ = {
			isa = PBXGroup;
			children = (
				6D1DB24529B613A800A7669C /* Preview Assets.xcassets */,
			);
			path = "Preview Content";
			sourceTree = "<group>";
		};
		6D1DB24E29B613A800A7669C /* GitStudyTests */ = {
			isa = PBXGroup;
			children = (
				6D1DB24F29B613A800A7669C /* GitStudyTests.swift */,
			);
			path = GitStudyTests;
			sourceTree = "<group>";
		};
		6D1DB25829B613A800A7669C /* GitStudyUITests */ = {
			isa = PBXGroup;
			children = (
				6D1DB25929B613A800A7669C /* GitStudyUITests.swift */,
				6D1DB25B29B613A800A7669C /* GitStudyUITestsLaunchTests.swift */,
			);
			path = GitStudyUITests;
			sourceTree = "<group>";
		};
/* End PBXGroup section */

/* Begin PBXNativeTarget section */
		6D1DB23929B613A700A7669C /* GitStudy */ = {
			isa = PBXNativeTarget;
			buildConfigurationList = 6D1DB25F29B613A800A7669C /* Build configuration list for PBXNativeTarget "GitStudy" */;
			buildPhases = (
				6D1DB23629B613A700A7669C /* Sources */,
				6D1DB23729B613A700A7669C /* Frameworks */,
				6D1DB23829B613A700A7669C /* Resources */,
			);
			buildRules = (
			);
			dependencies = (
			);
			name = GitStudy;
			productName = GitStudy;
			productReference = 6D1DB23A29B613A700A7669C /* GitStudy.app */;
			productType = "com.apple.product-type.application";
		};
		6D1DB24A29B613A800A7669C /* GitStudyTests */ = {
			isa = PBXNativeTarget;
			buildConfigurationList = 6D1DB26229B613A800A7669C /* Build configuration list for PBXNativeTarget "GitStudyTests" */;
			buildPhases = (
				6D1DB24729B613A800A7669C /* Sources */,
				6D1DB24829B613A800A7669C /* Frameworks */,
				6D1DB24929B613A800A7669C /* Resources */,
			);
			buildRules = (
			);
			dependencies = (
				6D1DB24D29B613A800A7669C /* PBXTargetDependency */,
			);
			name = GitStudyTests;
			productName = GitStudyTests;
			productReference = 6D1DB24B29B613A800A7669C /* GitStudyTests.xctest */;
			productType = "com.apple.product-type.bundle.unit-test";
		};
		6D1DB25429B613A800A7669C /* GitStudyUITests */ = {
			isa = PBXNativeTarget;
			buildConfigurationList = 6D1DB26529B613A800A7669C /* Build configuration list for PBXNativeTarget "GitStudyUITests" */;
			buildPhases = (
				6D1DB25129B613A800A7669C /* Sources */,
				6D1DB25229B613A800A7669C /* Frameworks */,
				6D1DB25329B613A800A7669C /* Resources */,
			);
			buildRules = (
			);
			dependencies = (
				6D1DB25729B613A800A7669C /* PBXTargetDependency */,
			);
			name = GitStudyUITests;
			productName = GitStudyUITests;
			productReference = 6D1DB25529B613A800A7669C /* GitStudyUITests.xctest */;
			productType = "com.apple.product-type.bundle.ui-testing";
		};
/* End PBXNativeTarget section */

/* Begin PBXProject section */
		6D1DB23229B613A700A7669C /* Project object */ = {
			isa = PBXProject;
			attributes = {
				BuildIndependentTargetsInParallel = 1;
				LastSwiftUpdateCheck = 1420;
				LastUpgradeCheck = 1420;
				TargetAttributes = {
					6D1DB23929B613A700A7669C = {
						CreatedOnToolsVersion = 14.2;
					};
					6D1DB24A29B613A800A7669C = {
						CreatedOnToolsVersion = 14.2;
						TestTargetID = 6D1DB23929B613A700A7669C;
					};
					6D1DB25429B613A800A7669C = {
						CreatedOnToolsVersion = 14.2;
						TestTargetID = 6D1DB23929B613A700A7669C;
					};
				};
			};
			buildConfigurationList = 6D1DB23529B613A700A7669C /* Build configuration list for PBXProject "GitStudy" */;
			compatibilityVersion = "Xcode 14.0";
			developmentRegion = en;
			hasScannedForEncodings = 0;
			knownRegions = (
				en,
				Base,
			);
			mainGroup = 6D1DB23129B613A700A7669C;
			productRefGroup = 6D1DB23B29B613A700A7669C /* Products */;
			projectDirPath = "";
			projectRoot = "";
			targets = (
				6D1DB23929B613A700A7669C /* GitStudy */,
				6D1DB24A29B613A800A7669C /* GitStudyTests */,
				6D1DB25429B613A800A7669C /* GitStudyUITests */,
			);
		};
/* End PBXProject section */

/* Begin PBXResourcesBuildPhase section */
		6D1DB23829B613A700A7669C /* Resources */ = {
			isa = PBXResourcesBuildPhase;
			buildActionMask = 2147483647;
			files = (
				6D1DB24629B613A800A7669C /* Preview Assets.xcassets in Resources */,
				6D1DB24229B613A800A7669C /* Assets.xcassets in Resources */,
			);
			runOnlyForDeploymentPostprocessing = 0;
		};
		6D1DB24929B613A800A7669C /* Resources */ = {
			isa = PBXResourcesBuildPhase;
			buildActionMask = 2147483647;
			files = (
			);
			runOnlyForDeploymentPostprocessing = 0;
		};
		6D1DB25329B613A800A7669C /* Resources */ = {
			isa = PBXResourcesBuildPhase;
			buildActionMask = 2147483647;
			files = (
			);
			runOnlyForDeploymentPostprocessing = 0;
		};
/* End PBXResourcesBuildPhase section */

/* Begin PBXSourcesBuildPhase section */
		6D1DB23629B613A700A7669C /* Sources */ = {
			isa = PBXSourcesBuildPhase;
			buildActionMask = 2147483647;
			files = (
				6D1DB24029B613A700A7669C /* ContentView.swift in Sources */,
				6D1DB23E29B613A700A7669C /* GitStudyApp.swift in Sources */,
			);
			runOnlyForDeploymentPostprocessing = 0;
		};
		6D1DB24729B613A800A7669C /* Sources */ = {
			isa = PBXSourcesBuildPhase;
			buildActionMask = 2147483647;
			files = (
				6D1DB25029B613A800A7669C /* GitStudyTests.swift in Sources */,
			);
			runOnlyForDeploymentPostprocessing = 0;
		};
		6D1DB25129B613A800A7669C /* Sources */ = {
			isa = PBXSourcesBuildPhase;
			buildActionMask = 2147483647;
			files = (
				6D1DB25C29B613A800A7669C /* GitStudyUITestsLaunchTests.swift in Sources */,
				6D1DB25A29B613A800A7669C /* GitStudyUITests.swift in Sources */,
			);
			runOnlyForDeploymentPostprocessing = 0;
		};
/* End PBXSourcesBuildPhase section */

/* Begin PBXTargetDependency section */
		6D1DB24D29B613A800A7669C /* PBXTargetDependency */ = {
			isa = PBXTargetDependency;
			target = 6D1DB23929B613A700A7669C /* GitStudy */;
			targetProxy = 6D1DB24C29B613A800A7669C /* PBXContainerItemProxy */;
		};
		6D1DB25729B613A800A7669C /* PBXTargetDependency */ = {
			isa = PBXTargetDependency;
			target = 6D1DB23929B613A700A7669C /* GitStudy */;
			targetProxy = 6D1DB25629B613A800A7669C /* PBXContainerItemProxy */;
		};
/* End PBXTargetDependency section */

/* Begin XCBuildConfiguration section */
		6D1DB25D29B613A800A7669C /* Debug */ = {
			isa = XCBuildConfiguration;
			buildSettings = {
				ALWAYS_SEARCH_USER_PATHS = NO;
				CLANG_ANALYZER_NONNULL = YES;
				CLANG_ANALYZER_NUMBER_OBJECT_CONVERSION = YES_AGGRESSIVE;
				CLANG_CXX_LANGUAGE_STANDARD = "gnu++20";
				CLANG_ENABLE_MODULES = YES;
				CLANG_ENABLE_OBJC_ARC = YES;
				CLANG_ENABLE_OBJC_WEAK = YES;
				CLANG_WARN_BLOCK_CAPTURE_AUTORELEASING = YES;
				CLANG_WARN_BOOL_CONVERSION = YES;
				CLANG_WARN_COMMA = YES;
				CLANG_WARN_CONSTANT_CONVERSION = YES;
				CLANG_WARN_DEPRECATED_OBJC_IMPLEMENTATIONS = YES;
				CLANG_WARN_DIRECT_OBJC_ISA_USAGE = YES_ERROR;
				CLANG_WARN_DOCUMENTATION_COMMENTS = YES;
				CLANG_WARN_EMPTY_BODY = YES;
				CLANG_WARN_ENUM_CONVERSION = YES;
				CLANG_WARN_INFINITE_RECURSION = YES;
				CLANG_WARN_INT_CONVERSION = YES;
				CLANG_WARN_NON_LITERAL_NULL_CONVERSION = YES;
				CLANG_WARN_OBJC_IMPLICIT_RETAIN_SELF = YES;
				CLANG_WARN_OBJC_LITERAL_CONVERSION = YES;
				CLANG_WARN_OBJC_ROOT_CLASS = YES_ERROR;
				CLANG_WARN_QUOTED_INCLUDE_IN_FRAMEWORK_HEADER = YES;
				CLANG_WARN_RANGE_LOOP_ANALYSIS = YES;
				CLANG_WARN_STRICT_PROTOTYPES = YES;
				CLANG_WARN_SUSPICIOUS_MOVE = YES;
				CLANG_WARN_UNGUARDED_AVAILABILITY = YES_AGGRESSIVE;
				CLANG_WARN_UNREACHABLE_CODE = YES;
				CLANG_WARN__DUPLICATE_METHOD_MATCH = YES;
				COPY_PHASE_STRIP = NO;
				DEBUG_INFORMATION_FORMAT = dwarf;
				ENABLE_STRICT_OBJC_MSGSEND = YES;
				ENABLE_TESTABILITY = YES;
				GCC_C_LANGUAGE_STANDARD = gnu11;
				GCC_DYNAMIC_NO_PIC = NO;
				GCC_NO_COMMON_BLOCKS = YES;
				GCC_OPTIMIZATION_LEVEL = 0;
				GCC_PREPROCESSOR_DEFINITIONS = (
					"DEBUG=1",
					"$(inherited)",
				);
				GCC_WARN_64_TO_32_BIT_CONVERSION = YES;
				GCC_WARN_ABOUT_RETURN_TYPE = YES_ERROR;
				GCC_WARN_UNDECLARED_SELECTOR = YES;
				GCC_WARN_UNINITIALIZED_AUTOS = YES_AGGRESSIVE;
				GCC_WARN_UNUSED_FUNCTION = YES;
				GCC_WARN_UNUSED_VARIABLE = YES;
				MTL_ENABLE_DEBUG_INFO = INCLUDE_SOURCE;
				MTL_FAST_MATH = YES;
				ONLY_ACTIVE_ARCH = YES;
				SWIFT_ACTIVE_COMPILATION_CONDITIONS = DEBUG;
				SWIFT_OPTIMIZATION_LEVEL = "-Onone";
			};
			name = Debug;
		};
		6D1DB25E29B613A800A7669C /* Release */ = {
			isa = XCBuildConfiguration;
			buildSettings = {
				ALWAYS_SEARCH_USER_PATHS = NO;
				CLANG_ANALYZER_NONNULL = YES;
				CLANG_ANALYZER_NUMBER_OBJECT_CONVERSION = YES_AGGRESSIVE;
				CLANG_CXX_LANGUAGE_STANDARD = "gnu++20";
				CLANG_ENABLE_MODULES = YES;
				CLANG_ENABLE_OBJC_ARC = YES;
				CLANG_ENABLE_OBJC_WEAK = YES;
				CLANG_WARN_BLOCK_CAPTURE_AUTORELEASING = YES;
				CLANG_WARN_BOOL_CONVERSION = YES;
				CLANG_WARN_COMMA = YES;
				CLANG_WARN_CONSTANT_CONVERSION = YES;
				CLANG_WARN_DEPRECATED_OBJC_IMPLEMENTATIONS = YES;
				CLANG_WARN_DIRECT_OBJC_ISA_USAGE = YES_ERROR;
				CLANG_WARN_DOCUMENTATION_COMMENTS = YES;
				CLANG_WARN_EMPTY_BODY = YES;
				CLANG_WARN_ENUM_CONVERSION = YES;
				CLANG_WARN_INFINITE_RECURSION = YES;
				CLANG_WARN_INT_CONVERSION = YES;
				CLANG_WARN_NON_LITERAL_NULL_CONVERSION = YES;
				CLANG_WARN_OBJC_IMPLICIT_RETAIN_SELF = YES;
				CLANG_WARN_OBJC_LITERAL_CONVERSION = YES;
				CLANG_WARN_OBJC_ROOT_CLASS = YES_ERROR;
				CLANG_WARN_QUOTED_INCLUDE_IN_FRAMEWORK_HEADER = YES;
				CLANG_WARN_RANGE_LOOP_ANALYSIS = YES;
				CLANG_WARN_STRICT_PROTOTYPES = YES;
				CLANG_WARN_SUSPICIOUS_MOVE = YES;
				CLANG_WARN_UNGUARDED_AVAILABILITY = YES_AGGRESSIVE;
				CLANG_WARN_UNREACHABLE_CODE = YES;
				CLANG_WARN__DUPLICATE_METHOD_MATCH = YES;
				COPY_PHASE_STRIP = NO;
				DEBUG_INFORMATION_FORMAT = "dwarf-with-dsym";
				ENABLE_NS_ASSERTIONS = NO;
				ENABLE_STRICT_OBJC_MSGSEND = YES;
				GCC_C_LANGUAGE_STANDARD = gnu11;
				GCC_NO_COMMON_BLOCKS = YES;
				GCC_WARN_64_TO_32_BIT_CONVERSION = YES;
				GCC_WARN_ABOUT_RETURN_TYPE = YES_ERROR;
				GCC_WARN_UNDECLARED_SELECTOR = YES;
				GCC_WARN_UNINITIALIZED_AUTOS = YES_AGGRESSIVE;
				GCC_WARN_UNUSED_FUNCTION = YES;
				GCC_WARN_UNUSED_VARIABLE = YES;
				MTL_ENABLE_DEBUG_INFO = NO;
				MTL_FAST_MATH = YES;
				SWIFT_COMPILATION_MODE = wholemodule;
				SWIFT_OPTIMIZATION_LEVEL = "-O";
			};
			name = Release;
		};
		6D1DB26029B613A800A7669C /* Debug */ = {
			isa = XCBuildConfiguration;
			buildSettings = {
				ASSETCATALOG_COMPILER_APPICON_NAME = AppIcon;
				ASSETCATALOG_COMPILER_GLOBAL_ACCENT_COLOR_NAME = AccentColor;
				CODE_SIGN_ENTITLEMENTS = GitStudy/GitStudy.entitlements;
				CODE_SIGN_STYLE = Automatic;
				CURRENT_PROJECT_VERSION = 1;
				DEVELOPMENT_ASSET_PATHS = "\"GitStudy/Preview Content\"";
				ENABLE_PREVIEWS = YES;
				GENERATE_INFOPLIST_FILE = YES;
				"INFOPLIST_KEY_UIApplicationSceneManifest_Generation[sdk=iphoneos*]" = YES;
				"INFOPLIST_KEY_UIApplicationSceneManifest_Generation[sdk=iphonesimulator*]" = YES;
				"INFOPLIST_KEY_UIApplicationSupportsIndirectInputEvents[sdk=iphoneos*]" = YES;
				"INFOPLIST_KEY_UIApplicationSupportsIndirectInputEvents[sdk=iphonesimulator*]" = YES;
				"INFOPLIST_KEY_UILaunchScreen_Generation[sdk=iphoneos*]" = YES;
				"INFOPLIST_KEY_UILaunchScreen_Generation[sdk=iphonesimulator*]" = YES;
				"INFOPLIST_KEY_UIStatusBarStyle[sdk=iphoneos*]" = UIStatusBarStyleDefault;
				"INFOPLIST_KEY_UIStatusBarStyle[sdk=iphonesimulator*]" = UIStatusBarStyleDefault;
				INFOPLIST_KEY_UISupportedInterfaceOrientations_iPad = "UIInterfaceOrientationPortrait UIInterfaceOrientationPortraitUpsideDown UIInterfaceOrientationLandscapeLeft UIInterfaceOrientationLandscapeRight";
				INFOPLIST_KEY_UISupportedInterfaceOrientations_iPhone = "UIInterfaceOrientationPortrait UIInterfaceOrientationLandscapeLeft UIInterfaceOrientationLandscapeRight";
				IPHONEOS_DEPLOYMENT_TARGET = 16.2;
				LD_RUNPATH_SEARCH_PATHS = "@executable_path/Frameworks";
				"LD_RUNPATH_SEARCH_PATHS[sdk=macosx*]" = "@executable_path/../Frameworks";
				MACOSX_DEPLOYMENT_TARGET = 13.1;
				MARKETING_VERSION = 1.0;
				PRODUCT_BUNDLE_IDENTIFIER = com.eseungh.GitStudy;
				PRODUCT_NAME = "$(TARGET_NAME)";
				SDKROOT = auto;
				SUPPORTED_PLATFORMS = "iphoneos iphonesimulator macosx";
				SWIFT_EMIT_LOC_STRINGS = YES;
				SWIFT_VERSION = 5.0;
				TARGETED_DEVICE_FAMILY = "1,2";
			};
			name = Debug;
		};
		6D1DB26129B613A800A7669C /* Release */ = {
			isa = XCBuildConfiguration;
			buildSettings = {
				ASSETCATALOG_COMPILER_APPICON_NAME = AppIcon;
				ASSETCATALOG_COMPILER_GLOBAL_ACCENT_COLOR_NAME = AccentColor;
				CODE_SIGN_ENTITLEMENTS = GitStudy/GitStudy.entitlements;
				CODE_SIGN_STYLE = Automatic;
				CURRENT_PROJECT_VERSION = 1;
				DEVELOPMENT_ASSET_PATHS = "\"GitStudy/Preview Content\"";
				ENABLE_PREVIEWS = YES;
				GENERATE_INFOPLIST_FILE = YES;
				"INFOPLIST_KEY_UIApplicationSceneManifest_Generation[sdk=iphoneos*]" = YES;
				"INFOPLIST_KEY_UIApplicationSceneManifest_Generation[sdk=iphonesimulator*]" = YES;
				"INFOPLIST_KEY_UIApplicationSupportsIndirectInputEvents[sdk=iphoneos*]" = YES;
				"INFOPLIST_KEY_UIApplicationSupportsIndirectInputEvents[sdk=iphonesimulator*]" = YES;
				"INFOPLIST_KEY_UILaunchScreen_Generation[sdk=iphoneos*]" = YES;
				"INFOPLIST_KEY_UILaunchScreen_Generation[sdk=iphonesimulator*]" = YES;
				"INFOPLIST_KEY_UIStatusBarStyle[sdk=iphoneos*]" = UIStatusBarStyleDefault;
				"INFOPLIST_KEY_UIStatusBarStyle[sdk=iphonesimulator*]" = UIStatusBarStyleDefault;
				INFOPLIST_KEY_UISupportedInterfaceOrientations_iPad = "UIInterfaceOrientationPortrait UIInterfaceOrientationPortraitUpsideDown UIInterfaceOrientationLandscapeLeft UIInterfaceOrientationLandscapeRight";
				INFOPLIST_KEY_UISupportedInterfaceOrientations_iPhone = "UIInterfaceOrientationPortrait UIInterfaceOrientationLandscapeLeft UIInterfaceOrientationLandscapeRight";
				IPHONEOS_DEPLOYMENT_TARGET = 16.2;
				LD_RUNPATH_SEARCH_PATHS = "@executable_path/Frameworks";
				"LD_RUNPATH_SEARCH_PATHS[sdk=macosx*]" = "@executable_path/../Frameworks";
				MACOSX_DEPLOYMENT_TARGET = 13.1;
				MARKETING_VERSION = 1.0;
				PRODUCT_BUNDLE_IDENTIFIER = com.eseungh.GitStudy;
				PRODUCT_NAME = "$(TARGET_NAME)";
				SDKROOT = auto;
				SUPPORTED_PLATFORMS = "iphoneos iphonesimulator macosx";
				SWIFT_EMIT_LOC_STRINGS = YES;
				SWIFT_VERSION = 5.0;
				TARGETED_DEVICE_FAMILY = "1,2";
			};
			name = Release;
		};
		6D1DB26329B613A800A7669C /* Debug */ = {
			isa = XCBuildConfiguration;
			buildSettings = {
				ALWAYS_EMBED_SWIFT_STANDARD_LIBRARIES = YES;
				BUNDLE_LOADER = "$(TEST_HOST)";
				CODE_SIGN_STYLE = Automatic;
				CURRENT_PROJECT_VERSION = 1;
				GENERATE_INFOPLIST_FILE = YES;
				IPHONEOS_DEPLOYMENT_TARGET = 16.2;
				MACOSX_DEPLOYMENT_TARGET = 13.1;
				MARKETING_VERSION = 1.0;
				PRODUCT_BUNDLE_IDENTIFIER = com.eseungh.GitStudyTests;
				PRODUCT_NAME = "$(TARGET_NAME)";
				SDKROOT = auto;
				SUPPORTED_PLATFORMS = "iphoneos iphonesimulator macosx";
				SWIFT_EMIT_LOC_STRINGS = NO;
				SWIFT_VERSION = 5.0;
				TARGETED_DEVICE_FAMILY = "1,2";
				TEST_HOST = "$(BUILT_PRODUCTS_DIR)/GitStudy.app/$(BUNDLE_EXECUTABLE_FOLDER_PATH)/GitStudy";
			};
			name = Debug;
		};
		6D1DB26429B613A800A7669C /* Release */ = {
			isa = XCBuildConfiguration;
			buildSettings = {
				ALWAYS_EMBED_SWIFT_STANDARD_LIBRARIES = YES;
				BUNDLE_LOADER = "$(TEST_HOST)";
				CODE_SIGN_STYLE = Automatic;
				CURRENT_PROJECT_VERSION = 1;
				GENERATE_INFOPLIST_FILE = YES;
				IPHONEOS_DEPLOYMENT_TARGET = 16.2;
				MACOSX_DEPLOYMENT_TARGET = 13.1;
				MARKETING_VERSION = 1.0;
				PRODUCT_BUNDLE_IDENTIFIER = com.eseungh.GitStudyTests;
				PRODUCT_NAME = "$(TARGET_NAME)";
				SDKROOT = auto;
				SUPPORTED_PLATFORMS = "iphoneos iphonesimulator macosx";
				SWIFT_EMIT_LOC_STRINGS = NO;
				SWIFT_VERSION = 5.0;
				TARGETED_DEVICE_FAMILY = "1,2";
				TEST_HOST = "$(BUILT_PRODUCTS_DIR)/GitStudy.app/$(BUNDLE_EXECUTABLE_FOLDER_PATH)/GitStudy";
			};
			name = Release;
		};
		6D1DB26629B613A800A7669C /* Debug */ = {
			isa = XCBuildConfiguration;
			buildSettings = {
				ALWAYS_EMBED_SWIFT_STANDARD_LIBRARIES = YES;
				CODE_SIGN_STYLE = Automatic;
				CURRENT_PROJECT_VERSION = 1;
				GENERATE_INFOPLIST_FILE = YES;
				IPHONEOS_DEPLOYMENT_TARGET = 16.2;
				MACOSX_DEPLOYMENT_TARGET = 13.1;
				MARKETING_VERSION = 1.0;
				PRODUCT_BUNDLE_IDENTIFIER = com.eseungh.GitStudyUITests;
				PRODUCT_NAME = "$(TARGET_NAME)";
				SDKROOT = auto;
				SUPPORTED_PLATFORMS = "iphoneos iphonesimulator macosx";
				SWIFT_EMIT_LOC_STRINGS = NO;
				SWIFT_VERSION = 5.0;
				TARGETED_DEVICE_FAMILY = "1,2";
				TEST_TARGET_NAME = GitStudy;
			};
			name = Debug;
		};
		6D1DB26729B613A800A7669C /* Release */ = {
			isa = XCBuildConfiguration;
			buildSettings = {
				ALWAYS_EMBED_SWIFT_STANDARD_LIBRARIES = YES;
				CODE_SIGN_STYLE = Automatic;
				CURRENT_PROJECT_VERSION = 1;
				GENERATE_INFOPLIST_FILE = YES;
				IPHONEOS_DEPLOYMENT_TARGET = 16.2;
				MACOSX_DEPLOYMENT_TARGET = 13.1;
				MARKETING_VERSION = 1.0;
				PRODUCT_BUNDLE_IDENTIFIER = com.eseungh.GitStudyUITests;
				PRODUCT_NAME = "$(TARGET_NAME)";
				SDKROOT = auto;
				SUPPORTED_PLATFORMS = "iphoneos iphonesimulator macosx";
				SWIFT_EMIT_LOC_STRINGS = NO;
				SWIFT_VERSION = 5.0;
				TARGETED_DEVICE_FAMILY = "1,2";
				TEST_TARGET_NAME = GitStudy;
			};
			name = Release;
		};
/* End XCBuildConfiguration section */

/* Begin XCConfigurationList section */
		6D1DB23529B613A700A7669C /* Build configuration list for PBXProject "GitStudy" */ = {
			isa = XCConfigurationList;
			buildConfigurations = (
				6D1DB25D29B613A800A7669C /* Debug */,
				6D1DB25E29B613A800A7669C /* Release */,
			);
			defaultConfigurationIsVisible = 0;
			defaultConfigurationName = Release;
		};
		6D1DB25F29B613A800A7669C /* Build configuration list for PBXNativeTarget "GitStudy" */ = {
			isa = XCConfigurationList;
			buildConfigurations = (
				6D1DB26029B613A800A7669C /* Debug */,
				6D1DB26129B613A800A7669C /* Release */,
			);
			defaultConfigurationIsVisible = 0;
			defaultConfigurationName = Release;
		};
		6D1DB26229B613A800A7669C /* Build configuration list for PBXNativeTarget "GitStudyTests" */ = {
			isa = XCConfigurationList;
			buildConfigurations = (
				6D1DB26329B613A800A7669C /* Debug */,
				6D1DB26429B613A800A7669C /* Release */,
			);
			defaultConfigurationIsVisible = 0;
			defaultConfigurationName = Release;
		};
		6D1DB26529B613A800A7669C /* Build configuration list for PBXNativeTarget "GitStudyUITests" */ = {
			isa = XCConfigurationList;
			buildConfigurations = (
				6D1DB26629B613A800A7669C /* Debug */,
				6D1DB26729B613A800A7669C /* Release */,
			);
			defaultConfigurationIsVisible = 0;
			defaultConfigurationName = Release;
		};
/* End XCConfigurationList section */
	};
	rootObject = 6D1DB23229B613A700A7669C /* Project object */;
}
